
Microsoft Visual Studio Solution File, Format Version 12.00
# Visual Studio 14
VisualStudioVersion = 14.0.25420.1
MinimumVisualStudioVersion = 10.0.40219.1
Project("{FAE04EC0-301F-11D3-BF4B-00C04F79EFBC}") = "elbro", "elbro\elbro.csproj", "{EC0FD3E4-741F-48F7-A56F-D5D13810C991}"
EndProject
Global
	GlobalSection(SolutionConfigurationPlatforms) = preSolution
		Debug|Any CPU = Debug|Any CPU
		Debug|x86 = Debug|x86
		Release|Any CPU = Release|Any CPU
		Release|x86 = Release|x86
	EndGlobalSection
	GlobalSection(ProjectConfigurationPlatforms) = postSolution
		{EC0FD3E4-741F-48F7-A56F-D5D13810C991}.Debug|Any CPU.ActiveCfg = Debug|Any CPU
		{EC0FD3E4-741F-48F7-A56F-D5D13810C991}.Debug|Any CPU.Build.0 = Debug|Any CPU
		{EC0FD3E4-741F-48F7-A56F-D5D13810C991}.Debug|x86.ActiveCfg = Debug|Any CPU
		{EC0FD3E4-741F-48F7-A56F-D5D13810C991}.Debug|x86.Build.0 = Debug|Any CPU
		{EC0FD3E4-741F-48F7-A56F-D5D13810C991}.Release|Any CPU.ActiveCfg = Release|Any CPU
		{EC0FD3E4-741F-48F7-A56F-D5D13810C991}.Release|Any CPU.Build.0 = Release|Any CPU
		{EC0FD3E4-741F-48F7-A56F-D5D13810C991}.Release|x86.ActiveCfg = Release|Any CPU
		{EC0FD3E4-741F-48F7-A56F-D5D13810C991}.Release|x86.Build.0 = Release|Any CPU
	EndGlobalSection
	GlobalSection(SolutionProperties) = preSolution
		HideSolutionNode = FALSE
	EndGlobalSection
	GlobalSection(ExtensibilityGlobals) = postSolution
		SolutionGuid = {05B32045-3E42-45AF-901D-FB26BD2277D5}
	EndGlobalSection
EndGlobal
