
Microsoft Visual Studio Solution File, Format Version 12.00
# Visual Studio 15
VisualStudioVersion = 15.0.27130.2003
MinimumVisualStudioVersion = 10.0.40219.1
Project("{FAE04EC0-301F-11D3-BF4B-00C04F79EFBC}") = "ellib", "ellib\ellib.csproj", "{A24A595A-6CFD-4AD6-92B1-B8DAABEB893A}"
EndProject
Global
	GlobalSection(SolutionConfigurationPlatforms) = preSolution
		Debug|Any CPU = Debug|Any CPU
		Release|Any CPU = Release|Any CPU
	EndGlobalSection
	GlobalSection(ProjectConfigurationPlatforms) = postSolution
		{A24A595A-6CFD-4AD6-92B1-B8DAABEB893A}.Debug|Any CPU.ActiveCfg = Debug|Any CPU
		{A24A595A-6CFD-4AD6-92B1-B8DAABEB893A}.Debug|Any CPU.Build.0 = Debug|Any CPU
		{A24A595A-6CFD-4AD6-92B1-B8DAABEB893A}.Release|Any CPU.ActiveCfg = Release|Any CPU
		{A24A595A-6CFD-4AD6-92B1-B8DAABEB893A}.Release|Any CPU.Build.0 = Release|Any CPU
	EndGlobalSection
	GlobalSection(SolutionProperties) = preSolution
		HideSolutionNode = FALSE
	EndGlobalSection
	GlobalSection(ExtensibilityGlobals) = postSolution
		SolutionGuid = {BF00F2F2-BA16-43DF-8BE7-D376E010200E}
	EndGlobalSection
EndGlobal
